Microsoft Visual Studio Solution File, Format Version 12.00
# Visual Studio 15
VisualStudioVersion = 15.0.26430.14
MinimumVisualStudioVersion = 10.0.40219.1
Project("{FAE04EC0-301F-11D3-BF4B-00C04F79EFBC}") = "FortisAPI.Standard", "FortisAPI.Standard/FortisAPI.Standard.csproj", "{6ef75808-f082-48e2-bcc9-70ec6d93b274}"
EndProject
Project("{FAE04EC0-301F-11D3-BF4B-00C04F79EFBC}") = "FortisAPI.Tests", "FortisAPI.Tests/FortisAPI.Tests.csproj", "{2d8589b8-3ec2-4fac-94c7-f8268160a16e}"
EndProject
Global
    GlobalSection(SolutionConfigurationPlatforms) = preSolution
        Debug|Any CPU = Debug|Any CPU
        Release|Any CPU = Release|Any CPU
    EndGlobalSection
    GlobalSection(ProjectConfigurationPlatforms) = postSolution
        {6ef75808-f082-48e2-bcc9-70ec6d93b274}.Debug|Any CPU.ActiveCfg = Debug|Any CPU
        {6ef75808-f082-48e2-bcc9-70ec6d93b274}.Debug|Any CPU.Build.0 = Debug|Any CPU
        {6ef75808-f082-48e2-bcc9-70ec6d93b274}.Release|Any CPU.ActiveCfg = Release|Any CPU
        {6ef75808-f082-48e2-bcc9-70ec6d93b274}.Release|Any CPU.Build.0 = Release|Any CPU
        {2d8589b8-3ec2-4fac-94c7-f8268160a16e}.Debug|Any CPU.ActiveCfg = Debug|Any CPU
        {2d8589b8-3ec2-4fac-94c7-f8268160a16e}.Debug|Any CPU.Build.0 = Debug|Any CPU
        {2d8589b8-3ec2-4fac-94c7-f8268160a16e}.Release|Any CPU.ActiveCfg = Release|Any CPU
        {2d8589b8-3ec2-4fac-94c7-f8268160a16e}.Release|Any CPU.Build.0 = Release|Any CPU
    EndGlobalSection
    GlobalSection(SolutionProperties) = preSolution
        HideSolutionNode = FALSE
    EndGlobalSection
EndGlobal