Microsoft Visual Studio Solution File, Format Version 12.00
# Visual Studio 15
VisualStudioVersion = 15.0.26430.14
MinimumVisualStudioVersion = 10.0.40219.1
Project("{FAE04EC0-301F-11D3-BF4B-00C04F79EFBC}") = "FortisApi.Standard", "FortisApi.Standard/FortisApi.Standard.csproj", "{57a64db1-953b-45e2-8c5a-64b702750ea3}"
EndProject
Global
    GlobalSection(SolutionConfigurationPlatforms) = preSolution
        Debug|Any CPU = Debug|Any CPU
        Release|Any CPU = Release|Any CPU
    EndGlobalSection
    GlobalSection(ProjectConfigurationPlatforms) = postSolution
        {57a64db1-953b-45e2-8c5a-64b702750ea3}.Debug|Any CPU.ActiveCfg = Debug|Any CPU
        {57a64db1-953b-45e2-8c5a-64b702750ea3}.Debug|Any CPU.Build.0 = Debug|Any CPU
        {57a64db1-953b-45e2-8c5a-64b702750ea3}.Release|Any CPU.ActiveCfg = Release|Any CPU
        {57a64db1-953b-45e2-8c5a-64b702750ea3}.Release|Any CPU.Build.0 = Release|Any CPU
    EndGlobalSection
    GlobalSection(SolutionProperties) = preSolution
        HideSolutionNode = FALSE
    EndGlobalSection
EndGlobal